
Microsoft Visual Studio Solution File, Format Version 12.00
# Visual Studio Version 17
VisualStudioVersion = 17.5.002.0
MinimumVisualStudioVersion = 10.0.40219.1
Project("{9A19103F-16F7-4668-BE54-9A1E7A4F7556}") = "EvaluationParalleleCalcul", "EvaluationParalleleCalcul.csproj", "{337D2C12-396F-49A2-949D-E7B8195C4F19}"
EndProject
Global
	GlobalSection(SolutionConfigurationPlatforms) = preSolution
		Debug|Any CPU = Debug|Any CPU
		Release|Any CPU = Release|Any CPU
	EndGlobalSection
	GlobalSection(ProjectConfigurationPlatforms) = postSolution
		{337D2C12-396F-49A2-949D-E7B8195C4F19}.Debug|Any CPU.ActiveCfg = Debug|Any CPU
		{337D2C12-396F-49A2-949D-E7B8195C4F19}.Debug|Any CPU.Build.0 = Debug|Any CPU
		{337D2C12-396F-49A2-949D-E7B8195C4F19}.Release|Any CPU.ActiveCfg = Release|Any CPU
		{337D2C12-396F-49A2-949D-E7B8195C4F19}.Release|Any CPU.Build.0 = Release|Any CPU
	EndGlobalSection
	GlobalSection(SolutionProperties) = preSolution
		HideSolutionNode = FALSE
	EndGlobalSection
	GlobalSection(ExtensibilityGlobals) = postSolution
		SolutionGuid = {BF7094D8-4BC2-48AF-BA8F-B04902C6E1E6}
	EndGlobalSection
EndGlobal
